
Microsoft Visual Studio Solution File, Format Version 12.00
# Visual Studio Version 16
VisualStudioVersion = 16.0.30104.148
MinimumVisualStudioVersion = 10.0.40219.1
Project("{FAE04EC0-301F-11D3-BF4B-00C04F79EFBC}") = "Queue", "Queue\Queue.csproj", "{B870A797-9368-4EBE-A563-9FB46FA24860}"
EndProject
Global
	GlobalSection(SolutionConfigurationPlatforms) = preSolution
		Debug|Any CPU = Debug|Any CPU
		Release|Any CPU = Release|Any CPU
	EndGlobalSection
	GlobalSection(ProjectConfigurationPlatforms) = postSolution
		{B870A797-9368-4EBE-A563-9FB46FA24860}.Debug|Any CPU.ActiveCfg = Debug|Any CPU
		{B870A797-9368-4EBE-A563-9FB46FA24860}.Debug|Any CPU.Build.0 = Debug|Any CPU
		{B870A797-9368-4EBE-A563-9FB46FA24860}.Release|Any CPU.ActiveCfg = Release|Any CPU
		{B870A797-9368-4EBE-A563-9FB46FA24860}.Release|Any CPU.Build.0 = Release|Any CPU
	EndGlobalSection
	GlobalSection(SolutionProperties) = preSolution
		HideSolutionNode = FALSE
	EndGlobalSection
	GlobalSection(ExtensibilityGlobals) = postSolution
		SolutionGuid = {18B45550-C702-41CA-B73D-1C4A4BD4670A}
	EndGlobalSection
EndGlobal
