
Microsoft Visual Studio Solution File, Format Version 12.00
# Visual Studio Version 16
VisualStudioVersion = 16.0.30104.148
MinimumVisualStudioVersion = 10.0.40219.1
Project("{FAE04EC0-301F-11D3-BF4B-00C04F79EFBC}") = "StartConsole", "StartConsole\StartConsole.csproj", "{94999F57-CCED-440B-B5AF-2A6B19A63E04}"
EndProject
Global
	GlobalSection(SolutionConfigurationPlatforms) = preSolution
		Debug|Any CPU = Debug|Any CPU
		Release|Any CPU = Release|Any CPU
	EndGlobalSection
	GlobalSection(ProjectConfigurationPlatforms) = postSolution
		{94999F57-CCED-440B-B5AF-2A6B19A63E04}.Debug|Any CPU.ActiveCfg = Debug|Any CPU
		{94999F57-CCED-440B-B5AF-2A6B19A63E04}.Debug|Any CPU.Build.0 = Debug|Any CPU
		{94999F57-CCED-440B-B5AF-2A6B19A63E04}.Release|Any CPU.ActiveCfg = Release|Any CPU
		{94999F57-CCED-440B-B5AF-2A6B19A63E04}.Release|Any CPU.Build.0 = Release|Any CPU
	EndGlobalSection
	GlobalSection(SolutionProperties) = preSolution
		HideSolutionNode = FALSE
	EndGlobalSection
	GlobalSection(ExtensibilityGlobals) = postSolution
		SolutionGuid = {851E0B8F-B803-4DD9-975B-F2CA9723B306}
	EndGlobalSection
EndGlobal
